// !$*UTF8*$!
{
	archiveVersion = 1;
	classes = {
	};
	objectVersion = 46;
	objects = {

/* Begin PBXBuildFile section */
		AB11A3D71996405500187836 /* CheckBoxDelegate.swift in Sources */ = {isa = PBXBuildFile; fileRef = AB11A3D61996405500187836 /* CheckBoxDelegate.swift */; };
		ABCF586619958C3C00347942 /* AppDelegate.swift in Sources */ = {isa = PBXBuildFile; fileRef = ABCF586519958C3C00347942 /* AppDelegate.swift */; };
		ABCF586819958C3C00347942 /* ViewController.swift in Sources */ = {isa = PBXBuildFile; fileRef = ABCF586719958C3C00347942 /* ViewController.swift */; };
		ABCF586B19958C3C00347942 /* Main.storyboard in Resources */ = {isa = PBXBuildFile; fileRef = ABCF586919958C3C00347942 /* Main.storyboard */; };
		ABCF586D19958C3C00347942 /* Images.xcassets in Resources */ = {isa = PBXBuildFile; fileRef = ABCF586C19958C3C00347942 /* Images.xcassets */; };
		ABCF588319958C5E00347942 /* CheckBox.swift in Sources */ = {isa = PBXBuildFile; fileRef = ABCF588219958C5E00347942 /* CheckBox.swift */; };
/* End PBXBuildFile section */

/* Begin PBXFileReference section */
		AB11A3D61996405500187836 /* CheckBoxDelegate.swift */ = {isa = PBXFileReference; fileEncoding = 4; lastKnownFileType = sourcecode.swift; path = CheckBoxDelegate.swift; sourceTree = "<group>"; };
		ABCF586019958C3C00347942 /* CheckBox.app */ = {isa = PBXFileReference; explicitFileType = wrapper.application; includeInIndex = 0; path = CheckBox.app; sourceTree = BUILT_PRODUCTS_DIR; };
		ABCF586419958C3C00347942 /* Info.plist */ = {isa = PBXFileReference; lastKnownFileType = text.plist.xml; path = Info.plist; sourceTree = "<group>"; };
		ABCF586519958C3C00347942 /* AppDelegate.swift */ = {isa = PBXFileReference; lastKnownFileType = sourcecode.swift; path = AppDelegate.swift; sourceTree = "<group>"; };
		ABCF586719958C3C00347942 /* ViewController.swift */ = {isa = PBXFileReference; lastKnownFileType = sourcecode.swift; path = ViewController.swift; sourceTree = "<group>"; };
		ABCF586A19958C3C00347942 /* Base */ = {isa = PBXFileReference; lastKnownFileType = file.storyboard; name = Base; path = Base.lproj/Main.storyboard; sourceTree = "<group>"; };
		ABCF586C19958C3C00347942 /* Images.xcassets */ = {isa = PBXFileReference; lastKnownFileType = folder.assetcatalog; path = Images.xcassets; sourceTree = "<group>"; };
		ABCF588219958C5E00347942 /* CheckBox.swift */ = {isa = PBXFileReference; fileEncoding = 4; lastKnownFileType = sourcecode.swift; path = CheckBox.swift; sourceTree = "<group>"; };
/* End PBXFileReference section */

/* Begin PBXFrameworksBuildPhase section */
		ABCF585D19958C3B00347942 /* Frameworks */ = {
			isa = PBXFrameworksBuildPhase;
			buildActionMask = 2147483647;
			files = (
			);
			runOnlyForDeploymentPostprocessing = 0;
		};
/* End PBXFrameworksBuildPhase section */

/* Begin PBXGroup section */
		ABCF585719958C3B00347942 = {
			isa = PBXGroup;
			children = (
				ABCF586219958C3C00347942 /* CheckBox */,
				ABCF586119958C3C00347942 /* Products */,
			);
			sourceTree = "<group>";
		};
		ABCF586119958C3C00347942 /* Products */ = {
			isa = PBXGroup;
			children = (
				ABCF586019958C3C00347942 /* CheckBox.app */,
			);
			name = Products;
			sourceTree = "<group>";
		};
		ABCF586219958C3C00347942 /* CheckBox */ = {
			isa = PBXGroup;
			children = (
				ABCF586519958C3C00347942 /* AppDelegate.swift */,
				ABCF586719958C3C00347942 /* ViewController.swift */,
				AB11A3D61996405500187836 /* CheckBoxDelegate.swift */,
				ABCF588219958C5E00347942 /* CheckBox.swift */,
				ABCF586919958C3C00347942 /* Main.storyboard */,
				ABCF586C19958C3C00347942 /* Images.xcassets */,
				ABCF586319958C3C00347942 /* Supporting Files */,
			);
			name = CheckBox;
			path = CheckboxExample;
			sourceTree = "<group>";
		};
		ABCF586319958C3C00347942 /* Supporting Files */ = {
			isa = PBXGroup;
			children = (
				ABCF586419958C3C00347942 /* Info.plist */,
			);
			name = "Supporting Files";
			sourceTree = "<group>";
		};
/* End PBXGroup section */

/* Begin PBXNativeTarget section */
		ABCF585F19958C3B00347942 /* CheckBox */ = {
			isa = PBXNativeTarget;
			buildConfigurationList = ABCF587C19958C3C00347942 /* Build configuration list for PBXNativeTarget "CheckBox" */;
			buildPhases = (
				ABCF585C19958C3B00347942 /* Sources */,
				ABCF585D19958C3B00347942 /* Frameworks */,
				ABCF585E19958C3B00347942 /* Resources */,
			);
			buildRules = (
			);
			dependencies = (
			);
			name = CheckBox;
			productName = CheckboxExample;
			productReference = ABCF586019958C3C00347942 /* CheckBox.app */;
			productType = "com.apple.product-type.application";
		};
/* End PBXNativeTarget section */

/* Begin PBXProject section */
		ABCF585819958C3B00347942 /* Project object */ = {
			isa = PBXProject;
			attributes = {
				LastSwiftMigration = 0700;
				LastSwiftUpdateCheck = 0700;
				LastUpgradeCheck = 0700;
				ORGANIZATIONNAME = Demo;
				TargetAttributes = {
					ABCF585F19958C3B00347942 = {
						CreatedOnToolsVersion = 6.0;
					};
				};
			};
			buildConfigurationList = ABCF585B19958C3B00347942 /* Build configuration list for PBXProject "CheckBox" */;
			compatibilityVersion = "Xcode 3.2";
			developmentRegion = English;
			hasScannedForEncodings = 0;
			knownRegions = (
				en,
				Base,
			);
			mainGroup = ABCF585719958C3B00347942;
			productRefGroup = ABCF586119958C3C00347942 /* Products */;
			projectDirPath = "";
			projectRoot = "";
			targets = (
				ABCF585F19958C3B00347942 /* CheckBox */,
			);
		};
/* End PBXProject section */

/* Begin PBXResourcesBuildPhase section */
		ABCF585E19958C3B00347942 /* Resources */ = {
			isa = PBXResourcesBuildPhase;
			buildActionMask = 2147483647;
			files = (
				ABCF586B19958C3C00347942 /* Main.storyboard in Resources */,
				ABCF586D19958C3C00347942 /* Images.xcassets in Resources */,
			);
			runOnlyForDeploymentPostprocessing = 0;
		};
/* End PBXResourcesBuildPhase section */

/* Begin PBXSourcesBuildPhase section */
		ABCF585C19958C3B00347942 /* Sources */ = {
			isa = PBXSourcesBuildPhase;
			buildActionMask = 2147483647;
			files = (
				ABCF586819958C3C00347942 /* ViewController.swift in Sources */,
				ABCF586619958C3C00347942 /* AppDelegate.swift in Sources */,
				ABCF588319958C5E00347942 /* CheckBox.swift in Sources */,
				AB11A3D71996405500187836 /* CheckBoxDelegate.swift in Sources */,
			);
			runOnlyForDeploymentPostprocessing = 0;
		};
/* End PBXSourcesBuildPhase section */

/* Begin PBXVariantGroup section */
		ABCF586919958C3C00347942 /* Main.storyboard */ = {
			isa = PBXVariantGroup;
			children = (
				ABCF586A19958C3C00347942 /* Base */,
			);
			name = Main.storyboard;
			sourceTree = "<group>";
		};
/* End PBXVariantGroup section */

/* Begin XCBuildConfiguration section */
		ABCF587A19958C3C00347942 /* Debug */ = {
			isa = XCBuildConfiguration;
			buildSettings = {
				ALWAYS_SEARCH_USER_PATHS = NO;
				CLANG_CXX_LANGUAGE_STANDARD = "gnu++0x";
				CLANG_CXX_LIBRARY = "libc++";
				CLANG_ENABLE_MODULES = YES;
				CLANG_ENABLE_OBJC_ARC = YES;
				CLANG_WARN_BOOL_CONVERSION = YES;
				CLANG_WARN_CONSTANT_CONVERSION = YES;
				CLANG_WARN_DIRECT_OBJC_ISA_USAGE = YES_ERROR;
				CLANG_WARN_EMPTY_BODY = YES;
				CLANG_WARN_ENUM_CONVERSION = YES;
				CLANG_WARN_INT_CONVERSION = YES;
				CLANG_WARN_OBJC_ROOT_CLASS = YES_ERROR;
				CLANG_WARN_UNREACHABLE_CODE = YES;
				CLANG_WARN__DUPLICATE_METHOD_MATCH = YES;
				"CODE_SIGN_IDENTITY[sdk=iphoneos*]" = "iPhone Developer";
				COPY_PHASE_STRIP = NO;
				ENABLE_STRICT_OBJC_MSGSEND = YES;
				ENABLE_TESTABILITY = YES;
				GCC_C_LANGUAGE_STANDARD = gnu99;
				GCC_DYNAMIC_NO_PIC = NO;
				GCC_OPTIMIZATION_LEVEL = 0;
				GCC_PREPROCESSOR_DEFINITIONS = (
					"DEBUG=1",
					"$(inherited)",
				);
				GCC_SYMBOLS_PRIVATE_EXTERN = NO;
				GCC_WARN_64_TO_32_BIT_CONVERSION = YES;
				GCC_WARN_ABOUT_RETURN_TYPE = YES_ERROR;
				GCC_WARN_UNDECLARED_SELECTOR = YES;
				GCC_WARN_UNINITIALIZED_AUTOS = YES_AGGRESSIVE;
				GCC_WARN_UNUSED_FUNCTION = YES;
				GCC_WARN_UNUSED_VARIABLE = YES;
				IPHONEOS_DEPLOYMENT_TARGET = 8.0;
				MTL_ENABLE_DEBUG_INFO = YES;
				ONLY_ACTIVE_ARCH = YES;
				SDKROOT = iphoneos;
				SWIFT_OPTIMIZATION_LEVEL = "-Onone";
			};
			name = Debug;
		};
		ABCF587B19958C3C00347942 /* Release */ = {
			isa = XCBuildConfiguration;
			buildSettings = {
				ALWAYS_SEARCH_USER_PATHS = NO;
				CLANG_CXX_LANGUAGE_STANDARD = "gnu++0x";
				CLANG_CXX_LIBRARY = "libc++";
				CLANG_ENABLE_MODULES = YES;
				CLANG_ENABLE_OBJC_ARC = YES;
				CLANG_WARN_BOOL_CONVERSION = YES;
				CLANG_WARN_CONSTANT_CONVERSION = YES;
				CLANG_WARN_DIRECT_OBJC_ISA_USAGE = YES_ERROR;
				CLANG_WARN_EMPTY_BODY = YES;
				CLANG_WARN_ENUM_CONVERSION = YES;
				CLANG_WARN_INT_CONVERSION = YES;
				CLANG_WARN_OBJC_ROOT_CLASS = YES_ERROR;
				CLANG_WARN_UNREACHABLE_CODE = YES;
				CLANG_WARN__DUPLICATE_METHOD_MATCH = YES;
				"CODE_SIGN_IDENTITY[sdk=iphoneos*]" = "iPhone Developer";
				COPY_PHASE_STRIP = YES;
				ENABLE_NS_ASSERTIONS = NO;
				ENABLE_STRICT_OBJC_MSGSEND = YES;
				GCC_C_LANGUAGE_STANDARD = gnu99;
				GCC_WARN_64_TO_32_BIT_CONVERSION = YES;
				GCC_WARN_ABOUT_RETURN_TYPE = YES_ERROR;
				GCC_WARN_UNDECLARED_SELECTOR = YES;
				GCC_WARN_UNINITIALIZED_AUTOS = YES_AGGRESSIVE;
				GCC_WARN_UNUSED_FUNCTION = YES;
				GCC_WARN_UNUSED_VARIABLE = YES;
				IPHONEOS_DEPLOYMENT_TARGET = 8.0;
				MTL_ENABLE_DEBUG_INFO = NO;
				SDKROOT = iphoneos;
				VALIDATE_PRODUCT = YES;
			};
			name = Release;
		};
		ABCF587D19958C3C00347942 /* Debug */ = {
			isa = XCBuildConfiguration;
			buildSettings = {
				ASSETCATALOG_COMPILER_APPICON_NAME = AppIcon;
				ASSETCATALOG_COMPILER_LAUNCHIMAGE_NAME = LaunchImage;
				INFOPLIST_FILE = CheckboxExample/Info.plist;
				IPHONEOS_DEPLOYMENT_TARGET = 7.0;
				LD_RUNPATH_SEARCH_PATHS = "$(inherited) @executable_path/Frameworks";
				PRODUCT_BUNDLE_IDENTIFIER = "md.gottlieb.$(PRODUCT_NAME:rfc1034identifier)";
				PRODUCT_NAME = CheckBox;
			};
			name = Debug;
		};
		ABCF587E19958C3C00347942 /* Release */ = {
			isa = XCBuildConfiguration;
			buildSettings = {
				ASSETCATALOG_COMPILER_APPICON_NAME = AppIcon;
				ASSETCATALOG_COMPILER_LAUNCHIMAGE_NAME = LaunchImage;
				INFOPLIST_FILE = CheckboxExample/Info.plist;
				IPHONEOS_DEPLOYMENT_TARGET = 7.0;
				LD_RUNPATH_SEARCH_PATHS = "$(inherited) @executable_path/Frameworks";
				PRODUCT_BUNDLE_IDENTIFIER = "md.gottlieb.$(PRODUCT_NAME:rfc1034identifier)";
				PRODUCT_NAME = CheckBox;
			};
			name = Release;
		};
/* End XCBuildConfiguration section */

/* Begin XCConfigurationList section */
		ABCF585B19958C3B00347942 /* Build configuration list for PBXProject "CheckBox" */ = {
			isa = XCConfigurationList;
			buildConfigurations = (
				ABCF587A19958C3C00347942 /* Debug */,
				ABCF587B19958C3C00347942 /* Release */,
			);
			defaultConfigurationIsVisible = 0;
			defaultConfigurationName = Release;
		};
		ABCF587C19958C3C00347942 /* Build configuration list for PBXNativeTarget "CheckBox" */ = {
			isa = XCConfigurationList;
			buildConfigurations = (
				ABCF587D19958C3C00347942 /* Debug */,
				ABCF587E19958C3C00347942 /* Release */,
			);
			defaultConfigurationIsVisible = 0;
			defaultConfigurationName = Release;
		};
/* End XCConfigurationList section */
	};
	rootObject = ABCF585819958C3B00347942 /* Project object */;
}
